
Microsoft Visual Studio Solution File, Format Version 12.00
# Visual Studio Version 16
VisualStudioVersion = 16.0.30717.126
MinimumVisualStudioVersion = 10.0.40219.1
Project("{2150E333-8FDC-42A3-9474-1A3956D46DE8}") = "src", "src", "{FD54D0F1-8F67-47C8-8E96-12739F3401AC}"
	ProjectSection(SolutionItems) = preProject
		readme.md = readme.md
	EndProjectSection
EndProject
Project("{2150E333-8FDC-42A3-9474-1A3956D46DE8}") = "tests", "tests", "{57C41A67-D2F5-466B-902C-9B27A6DB7D44}"
EndProject
Project("{2150E333-8FDC-42A3-9474-1A3956D46DE8}") = "Core", "Core", "{92B83B0E-BCC1-4B6A-BA03-907007084B08}"
EndProject
Project("{2150E333-8FDC-42A3-9474-1A3956D46DE8}") = "OneKeyPad", "OneKeyPad", "{D0B5B8E7-A3FE-466B-9A88-15B2DE21F2D2}"
EndProject
Project("{2150E333-8FDC-42A3-9474-1A3956D46DE8}") = "Random", "Random", "{6C3941DB-D0F9-4CA7-96FC-F9101F548A2F}"
EndProject
Project("{9A19103F-16F7-4668-BE54-9A1E7A4F7556}") = "Mahamudra.Cryptography.Random", "src\Core\Random\Mahamudra.Cryptography.Random\Mahamudra.Cryptography.Random.csproj", "{889C9E24-CAD1-43E2-A8BA-C4E88E2872F1}"
EndProject
Project("{9A19103F-16F7-4668-BE54-9A1E7A4F7556}") = "Mahamudra.Cryptography.OneKeyPad", "src\Core\OneKeyPad\Mahamudra.Cryptography.OneKeyPad.csproj", "{C2836F92-1545-4229-8C69-88343C6030FB}"
EndProject
Project("{2150E333-8FDC-42A3-9474-1A3956D46DE8}") = "UnitTests", "UnitTests", "{5E6F61BE-EF54-4060-B382-ED6CE4AC57B3}"
EndProject
Project("{9A19103F-16F7-4668-BE54-9A1E7A4F7556}") = "UnitTestOneKeyPad", "tests\UnitTests\UnitTestOneKeyPad\UnitTestOneKeyPad.csproj", "{9D962710-6391-4617-B1F5-8D7816B82F84}"
EndProject
Project("{9A19103F-16F7-4668-BE54-9A1E7A4F7556}") = "UnitTestRandom", "tests\UnitTests\UnitTestRandom\UnitTestRandom\UnitTestRandom.csproj", "{1BF0F1B0-D700-4299-AF1D-B01537182177}"
EndProject
Project("{2150E333-8FDC-42A3-9474-1A3956D46DE8}") = "Analyze", "Analyze", "{5B119CEE-F6CA-4E20-BDDF-F3E74C71D2AA}"
EndProject
Project("{9A19103F-16F7-4668-BE54-9A1E7A4F7556}") = "Mahamudra.Text.Analysis", "src\Core\Analyze\Mahamudra.Text.Analysis\Mahamudra.Text.Analysis.csproj", "{E1298DBF-8685-4DF8-9A66-1E54F9B40375}"
EndProject
Project("{2150E333-8FDC-42A3-9474-1A3956D46DE8}") = "Additions", "Additions", "{F0BB3718-D9F8-40FA-90BF-1EB15887E445}"
EndProject
Project("{9A19103F-16F7-4668-BE54-9A1E7A4F7556}") = "Mahamudra.ParallelDots", "src\Core\Additions\Mahamudra.ParallelDots\Mahamudra.ParallelDots.csproj", "{8237BBC4-D977-4746-8C68-AA06DA6B38F3}"
EndProject
Project("{2150E333-8FDC-42A3-9474-1A3956D46DE8}") = "IntegrationTests", "IntegrationTests", "{67E4CD7F-B5C1-4A1D-9033-F0F9B50A9772}"
EndProject
Project("{9A19103F-16F7-4668-BE54-9A1E7A4F7556}") = "IntegrationTestsParallelDots", "tests\IntegrationTests\IntegrationTestsParallelDots\IntegrationTestsParallelDots.csproj", "{161D4E1D-29E9-407A-BCA6-CA5F1645D489}"
EndProject
Global
	GlobalSection(SolutionConfigurationPlatforms) = preSolution
		Debug|Any CPU = Debug|Any CPU
		Release|Any CPU = Release|Any CPU
	EndGlobalSection
	GlobalSection(ProjectConfigurationPlatforms) = postSolution
		{889C9E24-CAD1-43E2-A8BA-C4E88E2872F1}.Debug|Any CPU.ActiveCfg = Debug|Any CPU
		{889C9E24-CAD1-43E2-A8BA-C4E88E2872F1}.Debug|Any CPU.Build.0 = Debug|Any CPU
		{889C9E24-CAD1-43E2-A8BA-C4E88E2872F1}.Release|Any CPU.ActiveCfg = Release|Any CPU
		{889C9E24-CAD1-43E2-A8BA-C4E88E2872F1}.Release|Any CPU.Build.0 = Release|Any CPU
		{C2836F92-1545-4229-8C69-88343C6030FB}.Debug|Any CPU.ActiveCfg = Debug|Any CPU
		{C2836F92-1545-4229-8C69-88343C6030FB}.Debug|Any CPU.Build.0 = Debug|Any CPU
		{C2836F92-1545-4229-8C69-88343C6030FB}.Release|Any CPU.ActiveCfg = Release|Any CPU
		{C2836F92-1545-4229-8C69-88343C6030FB}.Release|Any CPU.Build.0 = Release|Any CPU
		{9D962710-6391-4617-B1F5-8D7816B82F84}.Debug|Any CPU.ActiveCfg = Debug|Any CPU
		{9D962710-6391-4617-B1F5-8D7816B82F84}.Debug|Any CPU.Build.0 = Debug|Any CPU
		{9D962710-6391-4617-B1F5-8D7816B82F84}.Release|Any CPU.ActiveCfg = Release|Any CPU
		{9D962710-6391-4617-B1F5-8D7816B82F84}.Release|Any CPU.Build.0 = Release|Any CPU
		{1BF0F1B0-D700-4299-AF1D-B01537182177}.Debug|Any CPU.ActiveCfg = Debug|Any CPU
		{1BF0F1B0-D700-4299-AF1D-B01537182177}.Debug|Any CPU.Build.0 = Debug|Any CPU
		{1BF0F1B0-D700-4299-AF1D-B01537182177}.Release|Any CPU.ActiveCfg = Release|Any CPU
		{1BF0F1B0-D700-4299-AF1D-B01537182177}.Release|Any CPU.Build.0 = Release|Any CPU
		{E1298DBF-8685-4DF8-9A66-1E54F9B40375}.Debug|Any CPU.ActiveCfg = Debug|Any CPU
		{E1298DBF-8685-4DF8-9A66-1E54F9B40375}.Debug|Any CPU.Build.0 = Debug|Any CPU
		{E1298DBF-8685-4DF8-9A66-1E54F9B40375}.Release|Any CPU.ActiveCfg = Release|Any CPU
		{E1298DBF-8685-4DF8-9A66-1E54F9B40375}.Release|Any CPU.Build.0 = Release|Any CPU
		{8237BBC4-D977-4746-8C68-AA06DA6B38F3}.Debug|Any CPU.ActiveCfg = Debug|Any CPU
		{8237BBC4-D977-4746-8C68-AA06DA6B38F3}.Debug|Any CPU.Build.0 = Debug|Any CPU
		{8237BBC4-D977-4746-8C68-AA06DA6B38F3}.Release|Any CPU.ActiveCfg = Release|Any CPU
		{8237BBC4-D977-4746-8C68-AA06DA6B38F3}.Release|Any CPU.Build.0 = Release|Any CPU
		{161D4E1D-29E9-407A-BCA6-CA5F1645D489}.Debug|Any CPU.ActiveCfg = Debug|Any CPU
		{161D4E1D-29E9-407A-BCA6-CA5F1645D489}.Debug|Any CPU.Build.0 = Debug|Any CPU
		{161D4E1D-29E9-407A-BCA6-CA5F1645D489}.Release|Any CPU.ActiveCfg = Release|Any CPU
		{161D4E1D-29E9-407A-BCA6-CA5F1645D489}.Release|Any CPU.Build.0 = Release|Any CPU
	EndGlobalSection
	GlobalSection(SolutionProperties) = preSolution
		HideSolutionNode = FALSE
	EndGlobalSection
	GlobalSection(NestedProjects) = preSolution
		{92B83B0E-BCC1-4B6A-BA03-907007084B08} = {FD54D0F1-8F67-47C8-8E96-12739F3401AC}
		{D0B5B8E7-A3FE-466B-9A88-15B2DE21F2D2} = {92B83B0E-BCC1-4B6A-BA03-907007084B08}
		{6C3941DB-D0F9-4CA7-96FC-F9101F548A2F} = {92B83B0E-BCC1-4B6A-BA03-907007084B08}
		{889C9E24-CAD1-43E2-A8BA-C4E88E2872F1} = {6C3941DB-D0F9-4CA7-96FC-F9101F548A2F}
		{C2836F92-1545-4229-8C69-88343C6030FB} = {D0B5B8E7-A3FE-466B-9A88-15B2DE21F2D2}
		{5E6F61BE-EF54-4060-B382-ED6CE4AC57B3} = {57C41A67-D2F5-466B-902C-9B27A6DB7D44}
		{9D962710-6391-4617-B1F5-8D7816B82F84} = {5E6F61BE-EF54-4060-B382-ED6CE4AC57B3}
		{1BF0F1B0-D700-4299-AF1D-B01537182177} = {5E6F61BE-EF54-4060-B382-ED6CE4AC57B3}
		{5B119CEE-F6CA-4E20-BDDF-F3E74C71D2AA} = {FD54D0F1-8F67-47C8-8E96-12739F3401AC}
		{E1298DBF-8685-4DF8-9A66-1E54F9B40375} = {5B119CEE-F6CA-4E20-BDDF-F3E74C71D2AA}
		{F0BB3718-D9F8-40FA-90BF-1EB15887E445} = {FD54D0F1-8F67-47C8-8E96-12739F3401AC}
		{8237BBC4-D977-4746-8C68-AA06DA6B38F3} = {F0BB3718-D9F8-40FA-90BF-1EB15887E445}
		{67E4CD7F-B5C1-4A1D-9033-F0F9B50A9772} = {57C41A67-D2F5-466B-902C-9B27A6DB7D44}
		{161D4E1D-29E9-407A-BCA6-CA5F1645D489} = {67E4CD7F-B5C1-4A1D-9033-F0F9B50A9772}
	EndGlobalSection
	GlobalSection(ExtensibilityGlobals) = postSolution
		SolutionGuid = {67252DD7-48B7-442F-9648-5C015548821F}
	EndGlobalSection
EndGlobal
